// !$*UTF8*$!
{
	archiveVersion = 1;
	classes = {
	};
	objectVersion = 46;
	objects = {

/* Begin PBXBuildFile section */
		E6B6EA2B1D7AFF3D00AAC8A2 /* main.m in Sources */ = {isa = PBXBuildFile; fileRef = E6B6EA2A1D7AFF3D00AAC8A2 /* main.m */; };
		E6B6EA341D7AFFC900AAC8A2 /* Employee.m in Sources */ = {isa = PBXBuildFile; fileRef = E6B6EA331D7AFFC900AAC8A2 /* Employee.m */; };
		E6B6EA371D7B006200AAC8A2 /* Employee+EmployeeCatagory.m in Sources */ = {isa = PBXBuildFile; fileRef = E6B6EA361D7B006200AAC8A2 /* Employee+EmployeeCatagory.m */; };
		E6B6EA3A1D7B00C800AAC8A2 /* EmployeeV2.m in Sources */ = {isa = PBXBuildFile; fileRef = E6B6EA391D7B00C800AAC8A2 /* EmployeeV2.m */; };
/* End PBXBuildFile section */

/* Begin PBXCopyFilesBuildPhase section */
		E6B6EA251D7AFF3D00AAC8A2 /* CopyFiles */ = {
			isa = PBXCopyFilesBuildPhase;
			buildActionMask = 2147483647;
			dstPath = /usr/share/man/man1/;
			dstSubfolderSpec = 0;
			files = (
			);
			runOnlyForDeploymentPostprocessing = 1;
		};
/* End PBXCopyFilesBuildPhase section */

/* Begin PBXFileReference section */
		E6B6EA271D7AFF3D00AAC8A2 /* ocprj9 */ = {isa = PBXFileReference; explicitFileType = "compiled.mach-o.executable"; includeInIndex = 0; path = ocprj9; sourceTree = BUILT_PRODUCTS_DIR; };
		E6B6EA2A1D7AFF3D00AAC8A2 /* main.m */ = {isa = PBXFileReference; lastKnownFileType = sourcecode.c.objc; path = main.m; sourceTree = "<group>"; };
		E6B6EA321D7AFFC900AAC8A2 /* Employee.h */ = {isa = PBXFileReference; fileEncoding = 4; lastKnownFileType = sourcecode.c.h; name = Employee.h; path = pojo/Employee.h; sourceTree = "<group>"; };
		E6B6EA331D7AFFC900AAC8A2 /* Employee.m */ = {isa = PBXFileReference; fileEncoding = 4; lastKnownFileType = sourcecode.c.objc; name = Employee.m; path = pojo/Employee.m; sourceTree = "<group>"; };
		E6B6EA351D7B006200AAC8A2 /* Employee+EmployeeCatagory.h */ = {isa = PBXFileReference; fileEncoding = 4; lastKnownFileType = sourcecode.c.h; name = "Employee+EmployeeCatagory.h"; path = "pojo/Employee+EmployeeCatagory.h"; sourceTree = "<group>"; };
		E6B6EA361D7B006200AAC8A2 /* Employee+EmployeeCatagory.m */ = {isa = PBXFileReference; fileEncoding = 4; lastKnownFileType = sourcecode.c.objc; name = "Employee+EmployeeCatagory.m"; path = "pojo/Employee+EmployeeCatagory.m"; sourceTree = "<group>"; };
		E6B6EA381D7B00C800AAC8A2 /* EmployeeV2.h */ = {isa = PBXFileReference; fileEncoding = 4; lastKnownFileType = sourcecode.c.h; name = EmployeeV2.h; path = pojo/EmployeeV2.h; sourceTree = "<group>"; };
		E6B6EA391D7B00C800AAC8A2 /* EmployeeV2.m */ = {isa = PBXFileReference; fileEncoding = 4; lastKnownFileType = sourcecode.c.objc; name = EmployeeV2.m; path = pojo/EmployeeV2.m; sourceTree = "<group>"; };
/* End PBXFileReference section */

/* Begin PBXFrameworksBuildPhase section */
		E6B6EA241D7AFF3D00AAC8A2 /* Frameworks */ = {
			isa = PBXFrameworksBuildPhase;
			buildActionMask = 2147483647;
			files = (
			);
			runOnlyForDeploymentPostprocessing = 0;
		};
/* End PBXFrameworksBuildPhase section */

/* Begin PBXGroup section */
		E6B6EA1E1D7AFF3D00AAC8A2 = {
			isa = PBXGroup;
			children = (
				E6B6EA291D7AFF3D00AAC8A2 /* ocprj9 */,
				E6B6EA281D7AFF3D00AAC8A2 /* Products */,
			);
			sourceTree = "<group>";
		};
		E6B6EA281D7AFF3D00AAC8A2 /* Products */ = {
			isa = PBXGroup;
			children = (
				E6B6EA271D7AFF3D00AAC8A2 /* ocprj9 */,
			);
			name = Products;
			sourceTree = "<group>";
		};
		E6B6EA291D7AFF3D00AAC8A2 /* ocprj9 */ = {
			isa = PBXGroup;
			children = (
				E6B6EA311D7AFF6600AAC8A2 /* pojo */,
				E6B6EA2A1D7AFF3D00AAC8A2 /* main.m */,
			);
			path = ocprj9;
			sourceTree = "<group>";
		};
		E6B6EA311D7AFF6600AAC8A2 /* pojo */ = {
			isa = PBXGroup;
			children = (
				E6B6EA321D7AFFC900AAC8A2 /* Employee.h */,
				E6B6EA331D7AFFC900AAC8A2 /* Employee.m */,
				E6B6EA351D7B006200AAC8A2 /* Employee+EmployeeCatagory.h */,
				E6B6EA361D7B006200AAC8A2 /* Employee+EmployeeCatagory.m */,
				E6B6EA381D7B00C800AAC8A2 /* EmployeeV2.h */,
				E6B6EA391D7B00C800AAC8A2 /* EmployeeV2.m */,
			);
			name = pojo;
			sourceTree = "<group>";
		};
/* End PBXGroup section */

/* Begin PBXNativeTarget section */
		E6B6EA261D7AFF3D00AAC8A2 /* ocprj9 */ = {
			isa = PBXNativeTarget;
			buildConfigurationList = E6B6EA2E1D7AFF3D00AAC8A2 /* Build configuration list for PBXNativeTarget "ocprj9" */;
			buildPhases = (
				E6B6EA231D7AFF3D00AAC8A2 /* Sources */,
				E6B6EA241D7AFF3D00AAC8A2 /* Frameworks */,
				E6B6EA251D7AFF3D00AAC8A2 /* CopyFiles */,
			);
			buildRules = (
			);
			dependencies = (
			);
			name = ocprj9;
			productName = ocprj9;
			productReference = E6B6EA271D7AFF3D00AAC8A2 /* ocprj9 */;
			productType = "com.apple.product-type.tool";
		};
/* End PBXNativeTarget section */

/* Begin PBXProject section */
		E6B6EA1F1D7AFF3D00AAC8A2 /* Project object */ = {
			isa = PBXProject;
			attributes = {
				LastUpgradeCheck = 0730;
				ORGANIZATIONNAME = zzxb;
				TargetAttributes = {
					E6B6EA261D7AFF3D00AAC8A2 = {
						CreatedOnToolsVersion = 7.3.1;
					};
				};
			};
			buildConfigurationList = E6B6EA221D7AFF3D00AAC8A2 /* Build configuration list for PBXProject "ocprj9" */;
			compatibilityVersion = "Xcode 3.2";
			developmentRegion = English;
			hasScannedForEncodings = 0;
			knownRegions = (
				en,
			);
			mainGroup = E6B6EA1E1D7AFF3D00AAC8A2;
			productRefGroup = E6B6EA281D7AFF3D00AAC8A2 /* Products */;
			projectDirPath = "";
			projectRoot = "";
			targets = (
				E6B6EA261D7AFF3D00AAC8A2 /* ocprj9 */,
			);
		};
/* End PBXProject section */

/* Begin PBXSourcesBuildPhase section */
		E6B6EA231D7AFF3D00AAC8A2 /* Sources */ = {
			isa = PBXSourcesBuildPhase;
			buildActionMask = 2147483647;
			files = (
				E6B6EA371D7B006200AAC8A2 /* Employee+EmployeeCatagory.m in Sources */,
				E6B6EA2B1D7AFF3D00AAC8A2 /* main.m in Sources */,
				E6B6EA341D7AFFC900AAC8A2 /* Employee.m in Sources */,
				E6B6EA3A1D7B00C800AAC8A2 /* EmployeeV2.m in Sources */,
			);
			runOnlyForDeploymentPostprocessing = 0;
		};
/* End PBXSourcesBuildPhase section */

/* Begin XCBuildConfiguration section */
		E6B6EA2C1D7AFF3D00AAC8A2 /* Debug */ = {
			isa = XCBuildConfiguration;
			buildSettings = {
				ALWAYS_SEARCH_USER_PATHS = NO;
				CLANG_ANALYZER_NONNULL = YES;
				CLANG_CXX_LANGUAGE_STANDARD = "gnu++0x";
				CLANG_CXX_LIBRARY = "libc++";
				CLANG_ENABLE_MODULES = YES;
				CLANG_ENABLE_OBJC_ARC = YES;
				CLANG_WARN_BOOL_CONVERSION = YES;
				CLANG_WARN_CONSTANT_CONVERSION = YES;
				CLANG_WARN_DIRECT_OBJC_ISA_USAGE = YES_ERROR;
				CLANG_WARN_EMPTY_BODY = YES;
				CLANG_WARN_ENUM_CONVERSION = YES;
				CLANG_WARN_INT_CONVERSION = YES;
				CLANG_WARN_OBJC_ROOT_CLASS = YES_ERROR;
				CLANG_WARN_UNREACHABLE_CODE = YES;
				CLANG_WARN__DUPLICATE_METHOD_MATCH = YES;
				CODE_SIGN_IDENTITY = "-";
				COPY_PHASE_STRIP = NO;
				DEBUG_INFORMATION_FORMAT = dwarf;
				ENABLE_STRICT_OBJC_MSGSEND = YES;
				ENABLE_TESTABILITY = YES;
				GCC_C_LANGUAGE_STANDARD = gnu99;
				GCC_DYNAMIC_NO_PIC = NO;
				GCC_NO_COMMON_BLOCKS = YES;
				GCC_OPTIMIZATION_LEVEL = 0;
				GCC_PREPROCESSOR_DEFINITIONS = (
					"DEBUG=1",
					"$(inherited)",
				);
				GCC_WARN_64_TO_32_BIT_CONVERSION = YES;
				GCC_WARN_ABOUT_RETURN_TYPE = YES_ERROR;
				GCC_WARN_UNDECLARED_SELECTOR = YES;
				GCC_WARN_UNINITIALIZED_AUTOS = YES_AGGRESSIVE;
				GCC_WARN_UNUSED_FUNCTION = YES;
				GCC_WARN_UNUSED_VARIABLE = YES;
				MACOSX_DEPLOYMENT_TARGET = 10.11;
				MTL_ENABLE_DEBUG_INFO = YES;
				ONLY_ACTIVE_ARCH = YES;
				SDKROOT = macosx;
			};
			name = Debug;
		};
		E6B6EA2D1D7AFF3D00AAC8A2 /* Release */ = {
			isa = XCBuildConfiguration;
			buildSettings = {
				ALWAYS_SEARCH_USER_PATHS = NO;
				CLANG_ANALYZER_NONNULL = YES;
				CLANG_CXX_LANGUAGE_STANDARD = "gnu++0x";
				CLANG_CXX_LIBRARY = "libc++";
				CLANG_ENABLE_MODULES = YES;
				CLANG_ENABLE_OBJC_ARC = YES;
				CLANG_WARN_BOOL_CONVERSION = YES;
				CLANG_WARN_CONSTANT_CONVERSION = YES;
				CLANG_WARN_DIRECT_OBJC_ISA_USAGE = YES_ERROR;
				CLANG_WARN_EMPTY_BODY = YES;
				CLANG_WARN_ENUM_CONVERSION = YES;
				CLANG_WARN_INT_CONVERSION = YES;
				CLANG_WARN_OBJC_ROOT_CLASS = YES_ERROR;
				CLANG_WARN_UNREACHABLE_CODE = YES;
				CLANG_WARN__DUPLICATE_METHOD_MATCH = YES;
				CODE_SIGN_IDENTITY = "-";
				COPY_PHASE_STRIP = NO;
				DEBUG_INFORMATION_FORMAT = "dwarf-with-dsym";
				ENABLE_NS_ASSERTIONS = NO;
				ENABLE_STRICT_OBJC_MSGSEND = YES;
				GCC_C_LANGUAGE_STANDARD = gnu99;
				GCC_NO_COMMON_BLOCKS = YES;
				GCC_WARN_64_TO_32_BIT_CONVERSION = YES;
				GCC_WARN_ABOUT_RETURN_TYPE = YES_ERROR;
				GCC_WARN_UNDECLARED_SELECTOR = YES;
				GCC_WARN_UNINITIALIZED_AUTOS = YES_AGGRESSIVE;
				GCC_WARN_UNUSED_FUNCTION = YES;
				GCC_WARN_UNUSED_VARIABLE = YES;
				MACOSX_DEPLOYMENT_TARGET = 10.11;
				MTL_ENABLE_DEBUG_INFO = NO;
				SDKROOT = macosx;
			};
			name = Release;
		};
		E6B6EA2F1D7AFF3D00AAC8A2 /* Debug */ = {
			isa = XCBuildConfiguration;
			buildSettings = {
				PRODUCT_NAME = "$(TARGET_NAME)";
			};
			name = Debug;
		};
		E6B6EA301D7AFF3D00AAC8A2 /* Release */ = {
			isa = XCBuildConfiguration;
			buildSettings = {
				PRODUCT_NAME = "$(TARGET_NAME)";
			};
			name = Release;
		};
/* End XCBuildConfiguration section */

/* Begin XCConfigurationList section */
		E6B6EA221D7AFF3D00AAC8A2 /* Build configuration list for PBXProject "ocprj9" */ = {
			isa = XCConfigurationList;
			buildConfigurations = (
				E6B6EA2C1D7AFF3D00AAC8A2 /* Debug */,
				E6B6EA2D1D7AFF3D00AAC8A2 /* Release */,
			);
			defaultConfigurationIsVisible = 0;
			defaultConfigurationName = Release;
		};
		E6B6EA2E1D7AFF3D00AAC8A2 /* Build configuration list for PBXNativeTarget "ocprj9" */ = {
			isa = XCConfigurationList;
			buildConfigurations = (
				E6B6EA2F1D7AFF3D00AAC8A2 /* Debug */,
				E6B6EA301D7AFF3D00AAC8A2 /* Release */,
			);
			defaultConfigurationIsVisible = 0;
		};
/* End XCConfigurationList section */
	};
	rootObject = E6B6EA1F1D7AFF3D00AAC8A2 /* Project object */;
}
