// !$*UTF8*$!
{
	archiveVersion = 1;
	classes = {
	};
	objectVersion = 46;
	objects = {

/* Begin PBXBuildFile section */
		E6BA126D1F4D35A900792FFE /* main.m in Sources */ = {isa = PBXBuildFile; fileRef = E6BA126C1F4D35A800792FFE /* main.m */; };
		E6BA12701F4D35A900792FFE /* AppDelegate.m in Sources */ = {isa = PBXBuildFile; fileRef = E6BA126F1F4D35A900792FFE /* AppDelegate.m */; };
		E6BA12731F4D35A900792FFE /* ViewController.m in Sources */ = {isa = PBXBuildFile; fileRef = E6BA12721F4D35A900792FFE /* ViewController.m */; };
		E6BA12761F4D35A900792FFE /* Main.storyboard in Resources */ = {isa = PBXBuildFile; fileRef = E6BA12741F4D35A900792FFE /* Main.storyboard */; };
		E6BA12781F4D35A900792FFE /* Assets.xcassets in Resources */ = {isa = PBXBuildFile; fileRef = E6BA12771F4D35A900792FFE /* Assets.xcassets */; };
		E6BA127B1F4D35A900792FFE /* LaunchScreen.storyboard in Resources */ = {isa = PBXBuildFile; fileRef = E6BA12791F4D35A900792FFE /* LaunchScreen.storyboard */; };
		E6BA12851F4D35BC00792FFE /* MainViewController.m in Sources */ = {isa = PBXBuildFile; fileRef = E6BA12831F4D35BC00792FFE /* MainViewController.m */; };
		E6BA12861F4D35BC00792FFE /* MainViewController.xib in Resources */ = {isa = PBXBuildFile; fileRef = E6BA12841F4D35BC00792FFE /* MainViewController.xib */; };
/* End PBXBuildFile section */

/* Begin PBXFileReference section */
		E6BA12681F4D35A800792FFE /* 多视图之基于xib根控制器启动.app */ = {isa = PBXFileReference; explicitFileType = wrapper.application; includeInIndex = 0; path = "多视图之基于xib根控制器启动.app"; sourceTree = BUILT_PRODUCTS_DIR; };
		E6BA126C1F4D35A800792FFE /* main.m */ = {isa = PBXFileReference; lastKnownFileType = sourcecode.c.objc; path = main.m; sourceTree = "<group>"; };
		E6BA126E1F4D35A900792FFE /* AppDelegate.h */ = {isa = PBXFileReference; lastKnownFileType = sourcecode.c.h; path = AppDelegate.h; sourceTree = "<group>"; };
		E6BA126F1F4D35A900792FFE /* AppDelegate.m */ = {isa = PBXFileReference; lastKnownFileType = sourcecode.c.objc; path = AppDelegate.m; sourceTree = "<group>"; };
		E6BA12711F4D35A900792FFE /* ViewController.h */ = {isa = PBXFileReference; lastKnownFileType = sourcecode.c.h; path = ViewController.h; sourceTree = "<group>"; };
		E6BA12721F4D35A900792FFE /* ViewController.m */ = {isa = PBXFileReference; lastKnownFileType = sourcecode.c.objc; path = ViewController.m; sourceTree = "<group>"; };
		E6BA12751F4D35A900792FFE /* Base */ = {isa = PBXFileReference; lastKnownFileType = file.storyboard; name = Base; path = Base.lproj/Main.storyboard; sourceTree = "<group>"; };
		E6BA12771F4D35A900792FFE /* Assets.xcassets */ = {isa = PBXFileReference; lastKnownFileType = folder.assetcatalog; path = Assets.xcassets; sourceTree = "<group>"; };
		E6BA127A1F4D35A900792FFE /* Base */ = {isa = PBXFileReference; lastKnownFileType = file.storyboard; name = Base; path = Base.lproj/LaunchScreen.storyboard; sourceTree = "<group>"; };
		E6BA127C1F4D35A900792FFE /* Info.plist */ = {isa = PBXFileReference; lastKnownFileType = text.plist.xml; path = Info.plist; sourceTree = "<group>"; };
		E6BA12821F4D35BC00792FFE /* MainViewController.h */ = {isa = PBXFileReference; fileEncoding = 4; lastKnownFileType = sourcecode.c.h; path = MainViewController.h; sourceTree = "<group>"; };
		E6BA12831F4D35BC00792FFE /* MainViewController.m */ = {isa = PBXFileReference; fileEncoding = 4; lastKnownFileType = sourcecode.c.objc; path = MainViewController.m; sourceTree = "<group>"; };
		E6BA12841F4D35BC00792FFE /* MainViewController.xib */ = {isa = PBXFileReference; fileEncoding = 4; lastKnownFileType = file.xib; path = MainViewController.xib; sourceTree = "<group>"; };
/* End PBXFileReference section */

/* Begin PBXFrameworksBuildPhase section */
		E6BA12651F4D35A800792FFE /* Frameworks */ = {
			isa = PBXFrameworksBuildPhase;
			buildActionMask = 2147483647;
			files = (
			);
			runOnlyForDeploymentPostprocessing = 0;
		};
/* End PBXFrameworksBuildPhase section */

/* Begin PBXGroup section */
		E6BA125F1F4D35A800792FFE = {
			isa = PBXGroup;
			children = (
				E6BA126A1F4D35A800792FFE /* 多视图之基于xib根控制器启动 */,
				E6BA12691F4D35A800792FFE /* Products */,
			);
			sourceTree = "<group>";
		};
		E6BA12691F4D35A800792FFE /* Products */ = {
			isa = PBXGroup;
			children = (
				E6BA12681F4D35A800792FFE /* 多视图之基于xib根控制器启动.app */,
			);
			name = Products;
			sourceTree = "<group>";
		};
		E6BA126A1F4D35A800792FFE /* 多视图之基于xib根控制器启动 */ = {
			isa = PBXGroup;
			children = (
				E6BA126E1F4D35A900792FFE /* AppDelegate.h */,
				E6BA126F1F4D35A900792FFE /* AppDelegate.m */,
				E6BA12711F4D35A900792FFE /* ViewController.h */,
				E6BA12721F4D35A900792FFE /* ViewController.m */,
				E6BA12741F4D35A900792FFE /* Main.storyboard */,
				E6BA12771F4D35A900792FFE /* Assets.xcassets */,
				E6BA12791F4D35A900792FFE /* LaunchScreen.storyboard */,
				E6BA127C1F4D35A900792FFE /* Info.plist */,
				E6BA126B1F4D35A800792FFE /* Supporting Files */,
				E6BA12821F4D35BC00792FFE /* MainViewController.h */,
				E6BA12831F4D35BC00792FFE /* MainViewController.m */,
				E6BA12841F4D35BC00792FFE /* MainViewController.xib */,
			);
			path = "多视图之基于xib根控制器启动";
			sourceTree = "<group>";
		};
		E6BA126B1F4D35A800792FFE /* Supporting Files */ = {
			isa = PBXGroup;
			children = (
				E6BA126C1F4D35A800792FFE /* main.m */,
			);
			name = "Supporting Files";
			sourceTree = "<group>";
		};
/* End PBXGroup section */

/* Begin PBXNativeTarget section */
		E6BA12671F4D35A800792FFE /* 多视图之基于xib根控制器启动 */ = {
			isa = PBXNativeTarget;
			buildConfigurationList = E6BA127F1F4D35A900792FFE /* Build configuration list for PBXNativeTarget "多视图之基于xib根控制器启动" */;
			buildPhases = (
				E6BA12641F4D35A800792FFE /* Sources */,
				E6BA12651F4D35A800792FFE /* Frameworks */,
				E6BA12661F4D35A800792FFE /* Resources */,
			);
			buildRules = (
			);
			dependencies = (
			);
			name = "多视图之基于xib根控制器启动";
			productName = "多视图之基于xib根控制器启动";
			productReference = E6BA12681F4D35A800792FFE /* 多视图之基于xib根控制器启动.app */;
			productType = "com.apple.product-type.application";
		};
/* End PBXNativeTarget section */

/* Begin PBXProject section */
		E6BA12601F4D35A800792FFE /* Project object */ = {
			isa = PBXProject;
			attributes = {
				LastUpgradeCheck = 0820;
				ORGANIZATIONNAME = "jacky zzxb";
				TargetAttributes = {
					E6BA12671F4D35A800792FFE = {
						CreatedOnToolsVersion = 8.2.1;
						ProvisioningStyle = Automatic;
					};
				};
			};
			buildConfigurationList = E6BA12631F4D35A800792FFE /* Build configuration list for PBXProject "多视图之基于xib根控制器启动" */;
			compatibilityVersion = "Xcode 3.2";
			developmentRegion = English;
			hasScannedForEncodings = 0;
			knownRegions = (
				en,
				Base,
			);
			mainGroup = E6BA125F1F4D35A800792FFE;
			productRefGroup = E6BA12691F4D35A800792FFE /* Products */;
			projectDirPath = "";
			projectRoot = "";
			targets = (
				E6BA12671F4D35A800792FFE /* 多视图之基于xib根控制器启动 */,
			);
		};
/* End PBXProject section */

/* Begin PBXResourcesBuildPhase section */
		E6BA12661F4D35A800792FFE /* Resources */ = {
			isa = PBXResourcesBuildPhase;
			buildActionMask = 2147483647;
			files = (
				E6BA127B1F4D35A900792FFE /* LaunchScreen.storyboard in Resources */,
				E6BA12781F4D35A900792FFE /* Assets.xcassets in Resources */,
				E6BA12761F4D35A900792FFE /* Main.storyboard in Resources */,
				E6BA12861F4D35BC00792FFE /* MainViewController.xib in Resources */,
			);
			runOnlyForDeploymentPostprocessing = 0;
		};
/* End PBXResourcesBuildPhase section */

/* Begin PBXSourcesBuildPhase section */
		E6BA12641F4D35A800792FFE /* Sources */ = {
			isa = PBXSourcesBuildPhase;
			buildActionMask = 2147483647;
			files = (
				E6BA12731F4D35A900792FFE /* ViewController.m in Sources */,
				E6BA12701F4D35A900792FFE /* AppDelegate.m in Sources */,
				E6BA126D1F4D35A900792FFE /* main.m in Sources */,
				E6BA12851F4D35BC00792FFE /* MainViewController.m in Sources */,
			);
			runOnlyForDeploymentPostprocessing = 0;
		};
/* End PBXSourcesBuildPhase section */

/* Begin PBXVariantGroup section */
		E6BA12741F4D35A900792FFE /* Main.storyboard */ = {
			isa = PBXVariantGroup;
			children = (
				E6BA12751F4D35A900792FFE /* Base */,
			);
			name = Main.storyboard;
			sourceTree = "<group>";
		};
		E6BA12791F4D35A900792FFE /* LaunchScreen.storyboard */ = {
			isa = PBXVariantGroup;
			children = (
				E6BA127A1F4D35A900792FFE /* Base */,
			);
			name = LaunchScreen.storyboard;
			sourceTree = "<group>";
		};
/* End PBXVariantGroup section */

/* Begin XCBuildConfiguration section */
		E6BA127D1F4D35A900792FFE /* Debug */ = {
			isa = XCBuildConfiguration;
			buildSettings = {
				ALWAYS_SEARCH_USER_PATHS = NO;
				CLANG_ANALYZER_NONNULL = YES;
				CLANG_CXX_LANGUAGE_STANDARD = "gnu++0x";
				CLANG_CXX_LIBRARY = "libc++";
				CLANG_ENABLE_MODULES = YES;
				CLANG_ENABLE_OBJC_ARC = YES;
				CLANG_WARN_BOOL_CONVERSION = YES;
				CLANG_WARN_CONSTANT_CONVERSION = YES;
				CLANG_WARN_DIRECT_OBJC_ISA_USAGE = YES_ERROR;
				CLANG_WARN_DOCUMENTATION_COMMENTS = YES;
				CLANG_WARN_EMPTY_BODY = YES;
				CLANG_WARN_ENUM_CONVERSION = YES;
				CLANG_WARN_INFINITE_RECURSION = YES;
				CLANG_WARN_INT_CONVERSION = YES;
				CLANG_WARN_OBJC_ROOT_CLASS = YES_ERROR;
				CLANG_WARN_SUSPICIOUS_MOVE = YES;
				CLANG_WARN_UNREACHABLE_CODE = YES;
				CLANG_WARN__DUPLICATE_METHOD_MATCH = YES;
				"CODE_SIGN_IDENTITY[sdk=iphoneos*]" = "iPhone Developer";
				COPY_PHASE_STRIP = NO;
				DEBUG_INFORMATION_FORMAT = dwarf;
				ENABLE_STRICT_OBJC_MSGSEND = YES;
				ENABLE_TESTABILITY = YES;
				GCC_C_LANGUAGE_STANDARD = gnu99;
				GCC_DYNAMIC_NO_PIC = NO;
				GCC_NO_COMMON_BLOCKS = YES;
				GCC_OPTIMIZATION_LEVEL = 0;
				GCC_PREPROCESSOR_DEFINITIONS = (
					"DEBUG=1",
					"$(inherited)",
				);
				GCC_WARN_64_TO_32_BIT_CONVERSION = YES;
				GCC_WARN_ABOUT_RETURN_TYPE = YES_ERROR;
				GCC_WARN_UNDECLARED_SELECTOR = YES;
				GCC_WARN_UNINITIALIZED_AUTOS = YES_AGGRESSIVE;
				GCC_WARN_UNUSED_FUNCTION = YES;
				GCC_WARN_UNUSED_VARIABLE = YES;
				IPHONEOS_DEPLOYMENT_TARGET = 10.2;
				MTL_ENABLE_DEBUG_INFO = YES;
				ONLY_ACTIVE_ARCH = YES;
				SDKROOT = iphoneos;
			};
			name = Debug;
		};
		E6BA127E1F4D35A900792FFE /* Release */ = {
			isa = XCBuildConfiguration;
			buildSettings = {
				ALWAYS_SEARCH_USER_PATHS = NO;
				CLANG_ANALYZER_NONNULL = YES;
				CLANG_CXX_LANGUAGE_STANDARD = "gnu++0x";
				CLANG_CXX_LIBRARY = "libc++";
				CLANG_ENABLE_MODULES = YES;
				CLANG_ENABLE_OBJC_ARC = YES;
				CLANG_WARN_BOOL_CONVERSION = YES;
				CLANG_WARN_CONSTANT_CONVERSION = YES;
				CLANG_WARN_DIRECT_OBJC_ISA_USAGE = YES_ERROR;
				CLANG_WARN_DOCUMENTATION_COMMENTS = YES;
				CLANG_WARN_EMPTY_BODY = YES;
				CLANG_WARN_ENUM_CONVERSION = YES;
				CLANG_WARN_INFINITE_RECURSION = YES;
				CLANG_WARN_INT_CONVERSION = YES;
				CLANG_WARN_OBJC_ROOT_CLASS = YES_ERROR;
				CLANG_WARN_SUSPICIOUS_MOVE = YES;
				CLANG_WARN_UNREACHABLE_CODE = YES;
				CLANG_WARN__DUPLICATE_METHOD_MATCH = YES;
				"CODE_SIGN_IDENTITY[sdk=iphoneos*]" = "iPhone Developer";
				COPY_PHASE_STRIP = NO;
				DEBUG_INFORMATION_FORMAT = "dwarf-with-dsym";
				ENABLE_NS_ASSERTIONS = NO;
				ENABLE_STRICT_OBJC_MSGSEND = YES;
				GCC_C_LANGUAGE_STANDARD = gnu99;
				GCC_NO_COMMON_BLOCKS = YES;
				GCC_WARN_64_TO_32_BIT_CONVERSION = YES;
				GCC_WARN_ABOUT_RETURN_TYPE = YES_ERROR;
				GCC_WARN_UNDECLARED_SELECTOR = YES;
				GCC_WARN_UNINITIALIZED_AUTOS = YES_AGGRESSIVE;
				GCC_WARN_UNUSED_FUNCTION = YES;
				GCC_WARN_UNUSED_VARIABLE = YES;
				IPHONEOS_DEPLOYMENT_TARGET = 10.2;
				MTL_ENABLE_DEBUG_INFO = NO;
				SDKROOT = iphoneos;
				VALIDATE_PRODUCT = YES;
			};
			name = Release;
		};
		E6BA12801F4D35A900792FFE /* Debug */ = {
			isa = XCBuildConfiguration;
			buildSettings = {
				ASSETCATALOG_COMPILER_APPICON_NAME = AppIcon;
				INFOPLIST_FILE = "多视图之基于xib根控制器启动/Info.plist";
				LD_RUNPATH_SEARCH_PATHS = "$(inherited) @executable_path/Frameworks";
				PRODUCT_BUNDLE_IDENTIFIER = "me.zzxb.------xib------";
				PRODUCT_NAME = "$(TARGET_NAME)";
			};
			name = Debug;
		};
		E6BA12811F4D35A900792FFE /* Release */ = {
			isa = XCBuildConfiguration;
			buildSettings = {
				ASSETCATALOG_COMPILER_APPICON_NAME = AppIcon;
				INFOPLIST_FILE = "多视图之基于xib根控制器启动/Info.plist";
				LD_RUNPATH_SEARCH_PATHS = "$(inherited) @executable_path/Frameworks";
				PRODUCT_BUNDLE_IDENTIFIER = "me.zzxb.------xib------";
				PRODUCT_NAME = "$(TARGET_NAME)";
			};
			name = Release;
		};
/* End XCBuildConfiguration section */

/* Begin XCConfigurationList section */
		E6BA12631F4D35A800792FFE /* Build configuration list for PBXProject "多视图之基于xib根控制器启动" */ = {
			isa = XCConfigurationList;
			buildConfigurations = (
				E6BA127D1F4D35A900792FFE /* Debug */,
				E6BA127E1F4D35A900792FFE /* Release */,
			);
			defaultConfigurationIsVisible = 0;
			defaultConfigurationName = Release;
		};
		E6BA127F1F4D35A900792FFE /* Build configuration list for PBXNativeTarget "多视图之基于xib根控制器启动" */ = {
			isa = XCConfigurationList;
			buildConfigurations = (
				E6BA12801F4D35A900792FFE /* Debug */,
				E6BA12811F4D35A900792FFE /* Release */,
			);
			defaultConfigurationIsVisible = 0;
		};
/* End XCConfigurationList section */
	};
	rootObject = E6BA12601F4D35A800792FFE /* Project object */;
}
