// !$*UTF8*$!
{
	archiveVersion = 1;
	classes = {
	};
	objectVersion = 46;
	objects = {

/* Begin PBXBuildFile section */
		E65E668D1E95038600BC788B /* main.m in Sources */ = {isa = PBXBuildFile; fileRef = E65E668C1E95038600BC788B /* main.m */; };
		E65E66901E95038600BC788B /* AppDelegate.m in Sources */ = {isa = PBXBuildFile; fileRef = E65E668F1E95038600BC788B /* AppDelegate.m */; };
		E65E66931E95038600BC788B /* ViewController.m in Sources */ = {isa = PBXBuildFile; fileRef = E65E66921E95038600BC788B /* ViewController.m */; };
		E65E66981E95038600BC788B /* Assets.xcassets in Resources */ = {isa = PBXBuildFile; fileRef = E65E66971E95038600BC788B /* Assets.xcassets */; };
		E65E669B1E95038600BC788B /* LaunchScreen.storyboard in Resources */ = {isa = PBXBuildFile; fileRef = E65E66991E95038600BC788B /* LaunchScreen.storyboard */; };
		E65E66AD1E9503DD00BC788B /* add.png in Resources */ = {isa = PBXBuildFile; fileRef = E65E66A31E9503DD00BC788B /* add.png */; };
		E65E66AE1E9503DD00BC788B /* remove.png in Resources */ = {isa = PBXBuildFile; fileRef = E65E66A41E9503DD00BC788B /* remove.png */; };
		E65E66AF1E9503DD00BC788B /* sub_black_next.png in Resources */ = {isa = PBXBuildFile; fileRef = E65E66A51E9503DD00BC788B /* sub_black_next.png */; };
		E65E66B01E9503DD00BC788B /* down.png in Resources */ = {isa = PBXBuildFile; fileRef = E65E66A61E9503DD00BC788B /* down.png */; };
		E65E66B11E9503DD00BC788B /* up.png in Resources */ = {isa = PBXBuildFile; fileRef = E65E66A71E9503DD00BC788B /* up.png */; };
		E65E66B21E9503DD00BC788B /* xuanzhuan1.png in Resources */ = {isa = PBXBuildFile; fileRef = E65E66A81E9503DD00BC788B /* xuanzhuan1.png */; };
		E65E66B31E9503DD00BC788B /* xuanzhuan2.png in Resources */ = {isa = PBXBuildFile; fileRef = E65E66A91E9503DD00BC788B /* xuanzhuan2.png */; };
		E65E66B41E9503DD00BC788B /* prev.png in Resources */ = {isa = PBXBuildFile; fileRef = E65E66AA1E9503DD00BC788B /* prev.png */; };
		E65E66B51E9503DD00BC788B /* blue_up.png in Resources */ = {isa = PBXBuildFile; fileRef = E65E66AB1E9503DD00BC788B /* blue_up.png */; };
		E65E66B61E9503DD00BC788B /* blue_prev.png in Resources */ = {isa = PBXBuildFile; fileRef = E65E66AC1E9503DD00BC788B /* blue_prev.png */; };
		E65E66B91E95050800BC788B /* btn2.png in Resources */ = {isa = PBXBuildFile; fileRef = E65E66B71E95050800BC788B /* btn2.png */; };
		E65E66BA1E95050800BC788B /* btn1.png in Resources */ = {isa = PBXBuildFile; fileRef = E65E66B81E95050800BC788B /* btn1.png */; };
		E65E66BC1E95062400BC788B /* Main.storyboard in Resources */ = {isa = PBXBuildFile; fileRef = E65E66BB1E95062400BC788B /* Main.storyboard */; };
/* End PBXBuildFile section */

/* Begin PBXFileReference section */
		E65E66881E95038600BC788B /* UIView综合案例.app */ = {isa = PBXFileReference; explicitFileType = wrapper.application; includeInIndex = 0; path = "UIView综合案例.app"; sourceTree = BUILT_PRODUCTS_DIR; };
		E65E668C1E95038600BC788B /* main.m */ = {isa = PBXFileReference; lastKnownFileType = sourcecode.c.objc; path = main.m; sourceTree = "<group>"; };
		E65E668E1E95038600BC788B /* AppDelegate.h */ = {isa = PBXFileReference; lastKnownFileType = sourcecode.c.h; path = AppDelegate.h; sourceTree = "<group>"; };
		E65E668F1E95038600BC788B /* AppDelegate.m */ = {isa = PBXFileReference; lastKnownFileType = sourcecode.c.objc; path = AppDelegate.m; sourceTree = "<group>"; };
		E65E66911E95038600BC788B /* ViewController.h */ = {isa = PBXFileReference; lastKnownFileType = sourcecode.c.h; path = ViewController.h; sourceTree = "<group>"; };
		E65E66921E95038600BC788B /* ViewController.m */ = {isa = PBXFileReference; lastKnownFileType = sourcecode.c.objc; path = ViewController.m; sourceTree = "<group>"; };
		E65E66971E95038600BC788B /* Assets.xcassets */ = {isa = PBXFileReference; lastKnownFileType = folder.assetcatalog; path = Assets.xcassets; sourceTree = "<group>"; };
		E65E669A1E95038600BC788B /* Base */ = {isa = PBXFileReference; lastKnownFileType = file.storyboard; name = Base; path = Base.lproj/LaunchScreen.storyboard; sourceTree = "<group>"; };
		E65E669C1E95038600BC788B /* Info.plist */ = {isa = PBXFileReference; lastKnownFileType = text.plist.xml; path = Info.plist; sourceTree = "<group>"; };
		E65E66A31E9503DD00BC788B /* add.png */ = {isa = PBXFileReference; lastKnownFileType = image.png; path = add.png; sourceTree = "<group>"; };
		E65E66A41E9503DD00BC788B /* remove.png */ = {isa = PBXFileReference; lastKnownFileType = image.png; path = remove.png; sourceTree = "<group>"; };
		E65E66A51E9503DD00BC788B /* sub_black_next.png */ = {isa = PBXFileReference; lastKnownFileType = image.png; path = sub_black_next.png; sourceTree = "<group>"; };
		E65E66A61E9503DD00BC788B /* down.png */ = {isa = PBXFileReference; lastKnownFileType = image.png; path = down.png; sourceTree = "<group>"; };
		E65E66A71E9503DD00BC788B /* up.png */ = {isa = PBXFileReference; lastKnownFileType = image.png; path = up.png; sourceTree = "<group>"; };
		E65E66A81E9503DD00BC788B /* xuanzhuan1.png */ = {isa = PBXFileReference; lastKnownFileType = image.png; path = xuanzhuan1.png; sourceTree = "<group>"; };
		E65E66A91E9503DD00BC788B /* xuanzhuan2.png */ = {isa = PBXFileReference; lastKnownFileType = image.png; path = xuanzhuan2.png; sourceTree = "<group>"; };
		E65E66AA1E9503DD00BC788B /* prev.png */ = {isa = PBXFileReference; lastKnownFileType = image.png; path = prev.png; sourceTree = "<group>"; };
		E65E66AB1E9503DD00BC788B /* blue_up.png */ = {isa = PBXFileReference; lastKnownFileType = image.png; path = blue_up.png; sourceTree = "<group>"; };
		E65E66AC1E9503DD00BC788B /* blue_prev.png */ = {isa = PBXFileReference; lastKnownFileType = image.png; path = blue_prev.png; sourceTree = "<group>"; };
		E65E66B71E95050800BC788B /* btn2.png */ = {isa = PBXFileReference; lastKnownFileType = image.png; path = btn2.png; sourceTree = "<group>"; };
		E65E66B81E95050800BC788B /* btn1.png */ = {isa = PBXFileReference; lastKnownFileType = image.png; path = btn1.png; sourceTree = "<group>"; };
		E65E66BB1E95062400BC788B /* Main.storyboard */ = {isa = PBXFileReference; fileEncoding = 4; lastKnownFileType = file.storyboard; path = Main.storyboard; sourceTree = "<group>"; };
/* End PBXFileReference section */

/* Begin PBXFrameworksBuildPhase section */
		E65E66851E95038600BC788B /* Frameworks */ = {
			isa = PBXFrameworksBuildPhase;
			buildActionMask = 2147483647;
			files = (
			);
			runOnlyForDeploymentPostprocessing = 0;
		};
/* End PBXFrameworksBuildPhase section */

/* Begin PBXGroup section */
		E65E667F1E95038600BC788B = {
			isa = PBXGroup;
			children = (
				E65E668A1E95038600BC788B /* UIView综合案例 */,
				E65E66891E95038600BC788B /* Products */,
			);
			sourceTree = "<group>";
		};
		E65E66891E95038600BC788B /* Products */ = {
			isa = PBXGroup;
			children = (
				E65E66881E95038600BC788B /* UIView综合案例.app */,
			);
			name = Products;
			sourceTree = "<group>";
		};
		E65E668A1E95038600BC788B /* UIView综合案例 */ = {
			isa = PBXGroup;
			children = (
				E65E668E1E95038600BC788B /* AppDelegate.h */,
				E65E668F1E95038600BC788B /* AppDelegate.m */,
				E65E66BB1E95062400BC788B /* Main.storyboard */,
				E65E66911E95038600BC788B /* ViewController.h */,
				E65E66921E95038600BC788B /* ViewController.m */,
				E65E66971E95038600BC788B /* Assets.xcassets */,
				E65E66991E95038600BC788B /* LaunchScreen.storyboard */,
				E65E669C1E95038600BC788B /* Info.plist */,
				E65E668B1E95038600BC788B /* Supporting Files */,
			);
			path = "UIView综合案例";
			sourceTree = "<group>";
		};
		E65E668B1E95038600BC788B /* Supporting Files */ = {
			isa = PBXGroup;
			children = (
				E65E66A21E95039400BC788B /* images */,
				E65E668C1E95038600BC788B /* main.m */,
			);
			name = "Supporting Files";
			sourceTree = "<group>";
		};
		E65E66A21E95039400BC788B /* images */ = {
			isa = PBXGroup;
			children = (
				E65E66A31E9503DD00BC788B /* add.png */,
				E65E66A41E9503DD00BC788B /* remove.png */,
				E65E66A51E9503DD00BC788B /* sub_black_next.png */,
				E65E66B71E95050800BC788B /* btn2.png */,
				E65E66B81E95050800BC788B /* btn1.png */,
				E65E66A61E9503DD00BC788B /* down.png */,
				E65E66A71E9503DD00BC788B /* up.png */,
				E65E66A81E9503DD00BC788B /* xuanzhuan1.png */,
				E65E66A91E9503DD00BC788B /* xuanzhuan2.png */,
				E65E66AA1E9503DD00BC788B /* prev.png */,
				E65E66AB1E9503DD00BC788B /* blue_up.png */,
				E65E66AC1E9503DD00BC788B /* blue_prev.png */,
			);
			name = images;
			sourceTree = "<group>";
		};
/* End PBXGroup section */

/* Begin PBXNativeTarget section */
		E65E66871E95038600BC788B /* UIView综合案例 */ = {
			isa = PBXNativeTarget;
			buildConfigurationList = E65E669F1E95038600BC788B /* Build configuration list for PBXNativeTarget "UIView综合案例" */;
			buildPhases = (
				E65E66841E95038600BC788B /* Sources */,
				E65E66851E95038600BC788B /* Frameworks */,
				E65E66861E95038600BC788B /* Resources */,
			);
			buildRules = (
			);
			dependencies = (
			);
			name = "UIView综合案例";
			productName = "UIView综合案例";
			productReference = E65E66881E95038600BC788B /* UIView综合案例.app */;
			productType = "com.apple.product-type.application";
		};
/* End PBXNativeTarget section */

/* Begin PBXProject section */
		E65E66801E95038600BC788B /* Project object */ = {
			isa = PBXProject;
			attributes = {
				LastUpgradeCheck = 0830;
				ORGANIZATIONNAME = "jacky zheng";
				TargetAttributes = {
					E65E66871E95038600BC788B = {
						CreatedOnToolsVersion = 8.3;
						ProvisioningStyle = Automatic;
					};
				};
			};
			buildConfigurationList = E65E66831E95038600BC788B /* Build configuration list for PBXProject "UIView综合案例" */;
			compatibilityVersion = "Xcode 3.2";
			developmentRegion = English;
			hasScannedForEncodings = 0;
			knownRegions = (
				en,
				Base,
			);
			mainGroup = E65E667F1E95038600BC788B;
			productRefGroup = E65E66891E95038600BC788B /* Products */;
			projectDirPath = "";
			projectRoot = "";
			targets = (
				E65E66871E95038600BC788B /* UIView综合案例 */,
			);
		};
/* End PBXProject section */

/* Begin PBXResourcesBuildPhase section */
		E65E66861E95038600BC788B /* Resources */ = {
			isa = PBXResourcesBuildPhase;
			buildActionMask = 2147483647;
			files = (
				E65E66B41E9503DD00BC788B /* prev.png in Resources */,
				E65E669B1E95038600BC788B /* LaunchScreen.storyboard in Resources */,
				E65E66B51E9503DD00BC788B /* blue_up.png in Resources */,
				E65E66981E95038600BC788B /* Assets.xcassets in Resources */,
				E65E66B01E9503DD00BC788B /* down.png in Resources */,
				E65E66AD1E9503DD00BC788B /* add.png in Resources */,
				E65E66BC1E95062400BC788B /* Main.storyboard in Resources */,
				E65E66B31E9503DD00BC788B /* xuanzhuan2.png in Resources */,
				E65E66AE1E9503DD00BC788B /* remove.png in Resources */,
				E65E66B21E9503DD00BC788B /* xuanzhuan1.png in Resources */,
				E65E66B11E9503DD00BC788B /* up.png in Resources */,
				E65E66BA1E95050800BC788B /* btn1.png in Resources */,
				E65E66B61E9503DD00BC788B /* blue_prev.png in Resources */,
				E65E66AF1E9503DD00BC788B /* sub_black_next.png in Resources */,
				E65E66B91E95050800BC788B /* btn2.png in Resources */,
			);
			runOnlyForDeploymentPostprocessing = 0;
		};
/* End PBXResourcesBuildPhase section */

/* Begin PBXSourcesBuildPhase section */
		E65E66841E95038600BC788B /* Sources */ = {
			isa = PBXSourcesBuildPhase;
			buildActionMask = 2147483647;
			files = (
				E65E66931E95038600BC788B /* ViewController.m in Sources */,
				E65E66901E95038600BC788B /* AppDelegate.m in Sources */,
				E65E668D1E95038600BC788B /* main.m in Sources */,
			);
			runOnlyForDeploymentPostprocessing = 0;
		};
/* End PBXSourcesBuildPhase section */

/* Begin PBXVariantGroup section */
		E65E66991E95038600BC788B /* LaunchScreen.storyboard */ = {
			isa = PBXVariantGroup;
			children = (
				E65E669A1E95038600BC788B /* Base */,
			);
			name = LaunchScreen.storyboard;
			sourceTree = "<group>";
		};
/* End PBXVariantGroup section */

/* Begin XCBuildConfiguration section */
		E65E669D1E95038600BC788B /* Debug */ = {
			isa = XCBuildConfiguration;
			buildSettings = {
				ALWAYS_SEARCH_USER_PATHS = NO;
				CLANG_ANALYZER_NONNULL = YES;
				CLANG_ANALYZER_NUMBER_OBJECT_CONVERSION = YES_AGGRESSIVE;
				CLANG_CXX_LANGUAGE_STANDARD = "gnu++0x";
				CLANG_CXX_LIBRARY = "libc++";
				CLANG_ENABLE_MODULES = YES;
				CLANG_ENABLE_OBJC_ARC = YES;
				CLANG_WARN_BOOL_CONVERSION = YES;
				CLANG_WARN_CONSTANT_CONVERSION = YES;
				CLANG_WARN_DIRECT_OBJC_ISA_USAGE = YES_ERROR;
				CLANG_WARN_DOCUMENTATION_COMMENTS = YES;
				CLANG_WARN_EMPTY_BODY = YES;
				CLANG_WARN_ENUM_CONVERSION = YES;
				CLANG_WARN_INFINITE_RECURSION = YES;
				CLANG_WARN_INT_CONVERSION = YES;
				CLANG_WARN_OBJC_ROOT_CLASS = YES_ERROR;
				CLANG_WARN_SUSPICIOUS_MOVE = YES;
				CLANG_WARN_UNREACHABLE_CODE = YES;
				CLANG_WARN__DUPLICATE_METHOD_MATCH = YES;
				"CODE_SIGN_IDENTITY[sdk=iphoneos*]" = "iPhone Developer";
				COPY_PHASE_STRIP = NO;
				DEBUG_INFORMATION_FORMAT = dwarf;
				ENABLE_STRICT_OBJC_MSGSEND = YES;
				ENABLE_TESTABILITY = YES;
				GCC_C_LANGUAGE_STANDARD = gnu99;
				GCC_DYNAMIC_NO_PIC = NO;
				GCC_NO_COMMON_BLOCKS = YES;
				GCC_OPTIMIZATION_LEVEL = 0;
				GCC_PREPROCESSOR_DEFINITIONS = (
					"DEBUG=1",
					"$(inherited)",
				);
				GCC_WARN_64_TO_32_BIT_CONVERSION = YES;
				GCC_WARN_ABOUT_RETURN_TYPE = YES_ERROR;
				GCC_WARN_UNDECLARED_SELECTOR = YES;
				GCC_WARN_UNINITIALIZED_AUTOS = YES_AGGRESSIVE;
				GCC_WARN_UNUSED_FUNCTION = YES;
				GCC_WARN_UNUSED_VARIABLE = YES;
				IPHONEOS_DEPLOYMENT_TARGET = 10.3;
				MTL_ENABLE_DEBUG_INFO = YES;
				ONLY_ACTIVE_ARCH = YES;
				SDKROOT = iphoneos;
			};
			name = Debug;
		};
		E65E669E1E95038600BC788B /* Release */ = {
			isa = XCBuildConfiguration;
			buildSettings = {
				ALWAYS_SEARCH_USER_PATHS = NO;
				CLANG_ANALYZER_NONNULL = YES;
				CLANG_ANALYZER_NUMBER_OBJECT_CONVERSION = YES_AGGRESSIVE;
				CLANG_CXX_LANGUAGE_STANDARD = "gnu++0x";
				CLANG_CXX_LIBRARY = "libc++";
				CLANG_ENABLE_MODULES = YES;
				CLANG_ENABLE_OBJC_ARC = YES;
				CLANG_WARN_BOOL_CONVERSION = YES;
				CLANG_WARN_CONSTANT_CONVERSION = YES;
				CLANG_WARN_DIRECT_OBJC_ISA_USAGE = YES_ERROR;
				CLANG_WARN_DOCUMENTATION_COMMENTS = YES;
				CLANG_WARN_EMPTY_BODY = YES;
				CLANG_WARN_ENUM_CONVERSION = YES;
				CLANG_WARN_INFINITE_RECURSION = YES;
				CLANG_WARN_INT_CONVERSION = YES;
				CLANG_WARN_OBJC_ROOT_CLASS = YES_ERROR;
				CLANG_WARN_SUSPICIOUS_MOVE = YES;
				CLANG_WARN_UNREACHABLE_CODE = YES;
				CLANG_WARN__DUPLICATE_METHOD_MATCH = YES;
				"CODE_SIGN_IDENTITY[sdk=iphoneos*]" = "iPhone Developer";
				COPY_PHASE_STRIP = NO;
				DEBUG_INFORMATION_FORMAT = "dwarf-with-dsym";
				ENABLE_NS_ASSERTIONS = NO;
				ENABLE_STRICT_OBJC_MSGSEND = YES;
				GCC_C_LANGUAGE_STANDARD = gnu99;
				GCC_NO_COMMON_BLOCKS = YES;
				GCC_WARN_64_TO_32_BIT_CONVERSION = YES;
				GCC_WARN_ABOUT_RETURN_TYPE = YES_ERROR;
				GCC_WARN_UNDECLARED_SELECTOR = YES;
				GCC_WARN_UNINITIALIZED_AUTOS = YES_AGGRESSIVE;
				GCC_WARN_UNUSED_FUNCTION = YES;
				GCC_WARN_UNUSED_VARIABLE = YES;
				IPHONEOS_DEPLOYMENT_TARGET = 10.3;
				MTL_ENABLE_DEBUG_INFO = NO;
				SDKROOT = iphoneos;
				VALIDATE_PRODUCT = YES;
			};
			name = Release;
		};
		E65E66A01E95038600BC788B /* Debug */ = {
			isa = XCBuildConfiguration;
			buildSettings = {
				ASSETCATALOG_COMPILER_APPICON_NAME = AppIcon;
				INFOPLIST_FILE = "UIView综合案例/Info.plist";
				LD_RUNPATH_SEARCH_PATHS = "$(inherited) @executable_path/Frameworks";
				PRODUCT_BUNDLE_IDENTIFIER = "me.zzxb.UIView----";
				PRODUCT_NAME = "$(TARGET_NAME)";
			};
			name = Debug;
		};
		E65E66A11E95038600BC788B /* Release */ = {
			isa = XCBuildConfiguration;
			buildSettings = {
				ASSETCATALOG_COMPILER_APPICON_NAME = AppIcon;
				INFOPLIST_FILE = "UIView综合案例/Info.plist";
				LD_RUNPATH_SEARCH_PATHS = "$(inherited) @executable_path/Frameworks";
				PRODUCT_BUNDLE_IDENTIFIER = "me.zzxb.UIView----";
				PRODUCT_NAME = "$(TARGET_NAME)";
			};
			name = Release;
		};
/* End XCBuildConfiguration section */

/* Begin XCConfigurationList section */
		E65E66831E95038600BC788B /* Build configuration list for PBXProject "UIView综合案例" */ = {
			isa = XCConfigurationList;
			buildConfigurations = (
				E65E669D1E95038600BC788B /* Debug */,
				E65E669E1E95038600BC788B /* Release */,
			);
			defaultConfigurationIsVisible = 0;
			defaultConfigurationName = Release;
		};
		E65E669F1E95038600BC788B /* Build configuration list for PBXNativeTarget "UIView综合案例" */ = {
			isa = XCConfigurationList;
			buildConfigurations = (
				E65E66A01E95038600BC788B /* Debug */,
				E65E66A11E95038600BC788B /* Release */,
			);
			defaultConfigurationIsVisible = 0;
		};
/* End XCConfigurationList section */
	};
	rootObject = E65E66801E95038600BC788B /* Project object */;
}
